// !$*UTF8*$!
{
	archiveVersion = 1;
	classes = {
	};
	objectVersion = 55;
	objects = {

/* Begin PBXBuildFile section */
		3536EDF3289B9F7100AC0856 /* TextFieldView.m in Sources */ = {isa = PBXBuildFile; fileRef = 3536EDF2289B9F7100AC0856 /* TextFieldView.m */; };
		3536EDF7289BCC4500AC0856 /* DJWeChatTableViewCell.m in Sources */ = {isa = PBXBuildFile; fileRef = 3536EDF6289BCC4500AC0856 /* DJWeChatTableViewCell.m */; };
		3580F5312897D908000B79A6 /* DJNewFriendViewController.m in Sources */ = {isa = PBXBuildFile; fileRef = 3580F5302897D908000B79A6 /* DJNewFriendViewController.m */; };
		3580F5362897D9BE000B79A6 /* DJNewFriendView.m in Sources */ = {isa = PBXBuildFile; fileRef = 3580F5352897D9BE000B79A6 /* DJNewFriendView.m */; };
		3580F5392897DC73000B79A6 /* DJSingleton.m in Sources */ = {isa = PBXBuildFile; fileRef = 3580F5382897DC73000B79A6 /* DJSingleton.m */; };
		3580F53D2897DE02000B79A6 /* DJUserDataViewController.m in Sources */ = {isa = PBXBuildFile; fileRef = 3580F53C2897DE02000B79A6 /* DJUserDataViewController.m */; };
		3580F5422897DF28000B79A6 /* DJUserdataView.m in Sources */ = {isa = PBXBuildFile; fileRef = 3580F5412897DF28000B79A6 /* DJUserdataView.m */; };
		3580F54C2899050C000B79A6 /* DJSearchAddFriendViewController.m in Sources */ = {isa = PBXBuildFile; fileRef = 3580F54B2899050C000B79A6 /* DJSearchAddFriendViewController.m */; };
		3580F54F28990521000B79A6 /* DJSearchAddFriendView.m in Sources */ = {isa = PBXBuildFile; fileRef = 3580F54E28990521000B79A6 /* DJSearchAddFriendView.m */; };
		3580F554289924E7000B79A6 /* DJSetMoreUserView.m in Sources */ = {isa = PBXBuildFile; fileRef = 3580F553289924E7000B79A6 /* DJSetMoreUserView.m */; };
		3580F557289924FA000B79A6 /* DJSetUserDataViewController.m in Sources */ = {isa = PBXBuildFile; fileRef = 3580F556289924FA000B79A6 /* DJSetUserDataViewController.m */; };
		3580F55D2899337D000B79A6 /* DJChatViewController.m in Sources */ = {isa = PBXBuildFile; fileRef = 3580F55C2899337D000B79A6 /* DJChatViewController.m */; };
		3580F5652899380A000B79A6 /* DJChatTableViewCell.m in Sources */ = {isa = PBXBuildFile; fileRef = 3580F5642899380A000B79A6 /* DJChatTableViewCell.m */; };
		358B172128919E9F00F52DE5 /* DJLoginViewController.m in Sources */ = {isa = PBXBuildFile; fileRef = 358B172028919E9F00F52DE5 /* DJLoginViewController.m */; };
		358B172428919EAE00F52DE5 /* DJRegisterViewController.m in Sources */ = {isa = PBXBuildFile; fileRef = 358B172328919EAE00F52DE5 /* DJRegisterViewController.m */; };
		358B172728919ECF00F52DE5 /* LoginView.m in Sources */ = {isa = PBXBuildFile; fileRef = 358B172628919ECF00F52DE5 /* LoginView.m */; };
		358B172B28919EFB00F52DE5 /* DJRegisterView.m in Sources */ = {isa = PBXBuildFile; fileRef = 358B172A28919EFB00F52DE5 /* DJRegisterView.m */; };
		358B174D2892970100F52DE5 /* DJAddressViewController.m in Sources */ = {isa = PBXBuildFile; fileRef = 358B174C2892970100F52DE5 /* DJAddressViewController.m */; };
		358B17502892973000F52DE5 /* DJAddressView.m in Sources */ = {isa = PBXBuildFile; fileRef = 358B174F2892973000F52DE5 /* DJAddressView.m */; };
		358B17562892BFAF00F52DE5 /* DJBasicTableViewCell.m in Sources */ = {isa = PBXBuildFile; fileRef = 358B17552892BFAF00F52DE5 /* DJBasicTableViewCell.m */; };
		358B17592892CE0200F52DE5 /* DJAddFriendViewController.m in Sources */ = {isa = PBXBuildFile; fileRef = 358B17582892CE0200F52DE5 /* DJAddFriendViewController.m */; };
		358B175C2892CE6400F52DE5 /* DJSearchViewController.m in Sources */ = {isa = PBXBuildFile; fileRef = 358B175B2892CE6300F52DE5 /* DJSearchViewController.m */; };
		358B175F2893B86900F52DE5 /* DJUserData.m in Sources */ = {isa = PBXBuildFile; fileRef = 358B175E2893B86900F52DE5 /* DJUserData.m */; };
		358B17632893DD2900F52DE5 /* DJListItem.m in Sources */ = {isa = PBXBuildFile; fileRef = 358B17622893DD2900F52DE5 /* DJListItem.m */; };
		358B17702894110800F52DE5 /* DJToolNavigationBar.m in Sources */ = {isa = PBXBuildFile; fileRef = 358B176F2894110800F52DE5 /* DJToolNavigationBar.m */; };
		358B17742894137700F52DE5 /* DJAddFriendView.m in Sources */ = {isa = PBXBuildFile; fileRef = 358B17732894137700F52DE5 /* DJAddFriendView.m */; };
		35E15A04289D125E00E10C24 /* FriendLimitViewController.m in Sources */ = {isa = PBXBuildFile; fileRef = 35E15A03289D125E00E10C24 /* FriendLimitViewController.m */; };
		35E15A07289D126800E10C24 /* RemarkViewController.m in Sources */ = {isa = PBXBuildFile; fileRef = 35E15A06289D126800E10C24 /* RemarkViewController.m */; };
		35E15A0B289D139400E10C24 /* MoremessageViewController.m in Sources */ = {isa = PBXBuildFile; fileRef = 35E15A0A289D139400E10C24 /* MoremessageViewController.m */; };
		A842B1DE289764A600D9F179 /* MMMineTableViewCell.m in Sources */ = {isa = PBXBuildFile; fileRef = A842B1DD289764A600D9F179 /* MMMineTableViewCell.m */; };
		A842B1E42897719100D9F179 /* MMChangeDetailViewController.m in Sources */ = {isa = PBXBuildFile; fileRef = A842B1E32897719100D9F179 /* MMChangeDetailViewController.m */; };
		A842B1E72897CF7000D9F179 /* MMMineTextView.m in Sources */ = {isa = PBXBuildFile; fileRef = A842B1E62897CF7000D9F179 /* MMMineTextView.m */; };
		A851934C289223AC00D3BE13 /* MMTabBarController.m in Sources */ = {isa = PBXBuildFile; fileRef = A851934B289223AC00D3BE13 /* MMTabBarController.m */; };
		A8C5724D2892264500FAA17A /* MMWeChatViewController.m in Sources */ = {isa = PBXBuildFile; fileRef = A8C5724C2892264500FAA17A /* MMWeChatViewController.m */; };
		A8C572532892266500FAA17A /* MMDiscoverViewController.m in Sources */ = {isa = PBXBuildFile; fileRef = A8C572522892266500FAA17A /* MMDiscoverViewController.m */; };
		A8C572562892267500FAA17A /* MMMineViewController.m in Sources */ = {isa = PBXBuildFile; fileRef = A8C572552892267500FAA17A /* MMMineViewController.m */; };
		A8C572592892298D00FAA17A /* MMColor.m in Sources */ = {isa = PBXBuildFile; fileRef = A8C572582892298D00FAA17A /* MMColor.m */; };
		A8E598C2288F8D6E00018BDF /* AppDelegate.m in Sources */ = {isa = PBXBuildFile; fileRef = A8E598C1288F8D6E00018BDF /* AppDelegate.m */; };
		A8E598C5288F8D6E00018BDF /* SceneDelegate.m in Sources */ = {isa = PBXBuildFile; fileRef = A8E598C4288F8D6E00018BDF /* SceneDelegate.m */; };
		A8E598C8288F8D6E00018BDF /* ViewController.m in Sources */ = {isa = PBXBuildFile; fileRef = A8E598C7288F8D6E00018BDF /* ViewController.m */; };
		A8E598CB288F8D6E00018BDF /* Main.storyboard in Resources */ = {isa = PBXBuildFile; fileRef = A8E598C9288F8D6E00018BDF /* Main.storyboard */; };
		A8E598CD288F8D6F00018BDF /* Assets.xcassets in Resources */ = {isa = PBXBuildFile; fileRef = A8E598CC288F8D6F00018BDF /* Assets.xcassets */; };
		A8E598D0288F8D6F00018BDF /* LaunchScreen.storyboard in Resources */ = {isa = PBXBuildFile; fileRef = A8E598CE288F8D6F00018BDF /* LaunchScreen.storyboard */; };
		A8E598D3288F8D6F00018BDF /* main.m in Sources */ = {isa = PBXBuildFile; fileRef = A8E598D2288F8D6F00018BDF /* main.m */; };
		A8E598DB288F8EB500018BDF /* MMScreen.m in Sources */ = {isa = PBXBuildFile; fileRef = A8E598DA288F8EB500018BDF /* MMScreen.m */; };
		A8E889F72899470700AD3988 /* MMTimeFormatter.m in Sources */ = {isa = PBXBuildFile; fileRef = A8E889F62899470700AD3988 /* MMTimeFormatter.m */; };
		A8F616FE28937F260089A484 /* MMMineChangeViewController.m in Sources */ = {isa = PBXBuildFile; fileRef = A8F616FD28937F260089A484 /* MMMineChangeViewController.m */; };
		A8F617072894C9150089A484 /* MMMineTableViewInfo.m in Sources */ = {isa = PBXBuildFile; fileRef = A8F617062894C9150089A484 /* MMMineTableViewInfo.m */; };
		FB88D52F520DDCF0FF02A21B /* libPods-MMessage.a in Frameworks */ = {isa = PBXBuildFile; fileRef = 4DF9C4D3B0F03AEC74D3CE4E /* libPods-MMessage.a */; };
/* End PBXBuildFile section */

/* Begin PBXFileReference section */
		3536EDF1289B9F7100AC0856 /* TextFieldView.h */ = {isa = PBXFileReference; lastKnownFileType = sourcecode.c.h; path = TextFieldView.h; sourceTree = "<group>"; };
		3536EDF2289B9F7100AC0856 /* TextFieldView.m */ = {isa = PBXFileReference; lastKnownFileType = sourcecode.c.objc; path = TextFieldView.m; sourceTree = "<group>"; };
		3536EDF5289BCC4500AC0856 /* DJWeChatTableViewCell.h */ = {isa = PBXFileReference; lastKnownFileType = sourcecode.c.h; path = DJWeChatTableViewCell.h; sourceTree = "<group>"; };
		3536EDF6289BCC4500AC0856 /* DJWeChatTableViewCell.m */ = {isa = PBXFileReference; lastKnownFileType = sourcecode.c.objc; path = DJWeChatTableViewCell.m; sourceTree = "<group>"; };
		3580F52F2897D908000B79A6 /* DJNewFriendViewController.h */ = {isa = PBXFileReference; lastKnownFileType = sourcecode.c.h; path = DJNewFriendViewController.h; sourceTree = "<group>"; };
		3580F5302897D908000B79A6 /* DJNewFriendViewController.m */ = {isa = PBXFileReference; lastKnownFileType = sourcecode.c.objc; path = DJNewFriendViewController.m; sourceTree = "<group>"; };
		3580F5342897D9BE000B79A6 /* DJNewFriendView.h */ = {isa = PBXFileReference; lastKnownFileType = sourcecode.c.h; path = DJNewFriendView.h; sourceTree = "<group>"; };
		3580F5352897D9BE000B79A6 /* DJNewFriendView.m */ = {isa = PBXFileReference; lastKnownFileType = sourcecode.c.objc; path = DJNewFriendView.m; sourceTree = "<group>"; };
		3580F5372897DC73000B79A6 /* DJSingleton.h */ = {isa = PBXFileReference; lastKnownFileType = sourcecode.c.h; path = DJSingleton.h; sourceTree = "<group>"; };
		3580F5382897DC73000B79A6 /* DJSingleton.m */ = {isa = PBXFileReference; lastKnownFileType = sourcecode.c.objc; path = DJSingleton.m; sourceTree = "<group>"; };
		3580F53B2897DE02000B79A6 /* DJUserDataViewController.h */ = {isa = PBXFileReference; lastKnownFileType = sourcecode.c.h; path = DJUserDataViewController.h; sourceTree = "<group>"; };
		3580F53C2897DE02000B79A6 /* DJUserDataViewController.m */ = {isa = PBXFileReference; lastKnownFileType = sourcecode.c.objc; path = DJUserDataViewController.m; sourceTree = "<group>"; };
		3580F5402897DF28000B79A6 /* DJUserdataView.h */ = {isa = PBXFileReference; lastKnownFileType = sourcecode.c.h; path = DJUserdataView.h; sourceTree = "<group>"; };
		3580F5412897DF28000B79A6 /* DJUserdataView.m */ = {isa = PBXFileReference; lastKnownFileType = sourcecode.c.objc; path = DJUserdataView.m; sourceTree = "<group>"; };
		3580F54A2899050C000B79A6 /* DJSearchAddFriendViewController.h */ = {isa = PBXFileReference; lastKnownFileType = sourcecode.c.h; path = DJSearchAddFriendViewController.h; sourceTree = "<group>"; };
		3580F54B2899050C000B79A6 /* DJSearchAddFriendViewController.m */ = {isa = PBXFileReference; lastKnownFileType = sourcecode.c.objc; path = DJSearchAddFriendViewController.m; sourceTree = "<group>"; };
		3580F54D28990521000B79A6 /* DJSearchAddFriendView.h */ = {isa = PBXFileReference; lastKnownFileType = sourcecode.c.h; path = DJSearchAddFriendView.h; sourceTree = "<group>"; };
		3580F54E28990521000B79A6 /* DJSearchAddFriendView.m */ = {isa = PBXFileReference; lastKnownFileType = sourcecode.c.objc; path = DJSearchAddFriendView.m; sourceTree = "<group>"; };
		3580F552289924E7000B79A6 /* DJSetMoreUserView.h */ = {isa = PBXFileReference; lastKnownFileType = sourcecode.c.h; path = DJSetMoreUserView.h; sourceTree = "<group>"; };
		3580F553289924E7000B79A6 /* DJSetMoreUserView.m */ = {isa = PBXFileReference; lastKnownFileType = sourcecode.c.objc; path = DJSetMoreUserView.m; sourceTree = "<group>"; };
		3580F555289924FA000B79A6 /* DJSetUserDataViewController.h */ = {isa = PBXFileReference; lastKnownFileType = sourcecode.c.h; path = DJSetUserDataViewController.h; sourceTree = "<group>"; };
		3580F556289924FA000B79A6 /* DJSetUserDataViewController.m */ = {isa = PBXFileReference; lastKnownFileType = sourcecode.c.objc; path = DJSetUserDataViewController.m; sourceTree = "<group>"; };
		3580F55B2899337D000B79A6 /* DJChatViewController.h */ = {isa = PBXFileReference; lastKnownFileType = sourcecode.c.h; path = DJChatViewController.h; sourceTree = "<group>"; };
		3580F55C2899337D000B79A6 /* DJChatViewController.m */ = {isa = PBXFileReference; lastKnownFileType = sourcecode.c.objc; path = DJChatViewController.m; sourceTree = "<group>"; };
		3580F5632899380A000B79A6 /* DJChatTableViewCell.h */ = {isa = PBXFileReference; lastKnownFileType = sourcecode.c.h; path = DJChatTableViewCell.h; sourceTree = "<group>"; };
		3580F5642899380A000B79A6 /* DJChatTableViewCell.m */ = {isa = PBXFileReference; lastKnownFileType = sourcecode.c.objc; path = DJChatTableViewCell.m; sourceTree = "<group>"; };
		358B171F28919E9F00F52DE5 /* DJLoginViewController.h */ = {isa = PBXFileReference; lastKnownFileType = sourcecode.c.h; path = DJLoginViewController.h; sourceTree = "<group>"; };
		358B172028919E9F00F52DE5 /* DJLoginViewController.m */ = {isa = PBXFileReference; lastKnownFileType = sourcecode.c.objc; path = DJLoginViewController.m; sourceTree = "<group>"; };
		358B172228919EAE00F52DE5 /* DJRegisterViewController.h */ = {isa = PBXFileReference; lastKnownFileType = sourcecode.c.h; path = DJRegisterViewController.h; sourceTree = "<group>"; };
		358B172328919EAE00F52DE5 /* DJRegisterViewController.m */ = {isa = PBXFileReference; lastKnownFileType = sourcecode.c.objc; path = DJRegisterViewController.m; sourceTree = "<group>"; };
		358B172528919ECF00F52DE5 /* LoginView.h */ = {isa = PBXFileReference; lastKnownFileType = sourcecode.c.h; path = LoginView.h; sourceTree = "<group>"; };
		358B172628919ECF00F52DE5 /* LoginView.m */ = {isa = PBXFileReference; lastKnownFileType = sourcecode.c.objc; path = LoginView.m; sourceTree = "<group>"; };
		358B172928919EFB00F52DE5 /* DJRegisterView.h */ = {isa = PBXFileReference; lastKnownFileType = sourcecode.c.h; path = DJRegisterView.h; sourceTree = "<group>"; };
		358B172A28919EFB00F52DE5 /* DJRegisterView.m */ = {isa = PBXFileReference; lastKnownFileType = sourcecode.c.objc; path = DJRegisterView.m; sourceTree = "<group>"; };
		358B174B2892970100F52DE5 /* DJAddressViewController.h */ = {isa = PBXFileReference; lastKnownFileType = sourcecode.c.h; path = DJAddressViewController.h; sourceTree = "<group>"; };
		358B174C2892970100F52DE5 /* DJAddressViewController.m */ = {isa = PBXFileReference; lastKnownFileType = sourcecode.c.objc; path = DJAddressViewController.m; sourceTree = "<group>"; };
		358B174E2892973000F52DE5 /* DJAddressView.h */ = {isa = PBXFileReference; lastKnownFileType = sourcecode.c.h; path = DJAddressView.h; sourceTree = "<group>"; };
		358B174F2892973000F52DE5 /* DJAddressView.m */ = {isa = PBXFileReference; lastKnownFileType = sourcecode.c.objc; path = DJAddressView.m; sourceTree = "<group>"; };
		358B17542892BFAF00F52DE5 /* DJBasicTableViewCell.h */ = {isa = PBXFileReference; lastKnownFileType = sourcecode.c.h; path = DJBasicTableViewCell.h; sourceTree = "<group>"; };
		358B17552892BFAF00F52DE5 /* DJBasicTableViewCell.m */ = {isa = PBXFileReference; lastKnownFileType = sourcecode.c.objc; path = DJBasicTableViewCell.m; sourceTree = "<group>"; };
		358B17572892CE0200F52DE5 /* DJAddFriendViewController.h */ = {isa = PBXFileReference; lastKnownFileType = sourcecode.c.h; path = DJAddFriendViewController.h; sourceTree = "<group>"; };
		358B17582892CE0200F52DE5 /* DJAddFriendViewController.m */ = {isa = PBXFileReference; lastKnownFileType = sourcecode.c.objc; path = DJAddFriendViewController.m; sourceTree = "<group>"; };
		358B175A2892CE6300F52DE5 /* DJSearchViewController.h */ = {isa = PBXFileReference; lastKnownFileType = sourcecode.c.h; path = DJSearchViewController.h; sourceTree = "<group>"; };
		358B175B2892CE6300F52DE5 /* DJSearchViewController.m */ = {isa = PBXFileReference; lastKnownFileType = sourcecode.c.objc; path = DJSearchViewController.m; sourceTree = "<group>"; };
		358B175D2893B86900F52DE5 /* DJUserData.h */ = {isa = PBXFileReference; lastKnownFileType = sourcecode.c.h; path = DJUserData.h; sourceTree = "<group>"; };
		358B175E2893B86900F52DE5 /* DJUserData.m */ = {isa = PBXFileReference; lastKnownFileType = sourcecode.c.objc; path = DJUserData.m; sourceTree = "<group>"; };
		358B17612893DD2900F52DE5 /* DJListItem.h */ = {isa = PBXFileReference; lastKnownFileType = sourcecode.c.h; path = DJListItem.h; sourceTree = "<group>"; };
		358B17622893DD2900F52DE5 /* DJListItem.m */ = {isa = PBXFileReference; lastKnownFileType = sourcecode.c.objc; path = DJListItem.m; sourceTree = "<group>"; };
		358B176E2894110800F52DE5 /* DJToolNavigationBar.h */ = {isa = PBXFileReference; lastKnownFileType = sourcecode.c.h; path = DJToolNavigationBar.h; sourceTree = "<group>"; };
		358B176F2894110800F52DE5 /* DJToolNavigationBar.m */ = {isa = PBXFileReference; lastKnownFileType = sourcecode.c.objc; path = DJToolNavigationBar.m; sourceTree = "<group>"; };
		358B17722894137700F52DE5 /* DJAddFriendView.h */ = {isa = PBXFileReference; lastKnownFileType = sourcecode.c.h; path = DJAddFriendView.h; sourceTree = "<group>"; };
		358B17732894137700F52DE5 /* DJAddFriendView.m */ = {isa = PBXFileReference; lastKnownFileType = sourcecode.c.objc; path = DJAddFriendView.m; sourceTree = "<group>"; };
		35E15A02289D125E00E10C24 /* FriendLimitViewController.h */ = {isa = PBXFileReference; lastKnownFileType = sourcecode.c.h; path = FriendLimitViewController.h; sourceTree = "<group>"; };
		35E15A03289D125E00E10C24 /* FriendLimitViewController.m */ = {isa = PBXFileReference; lastKnownFileType = sourcecode.c.objc; path = FriendLimitViewController.m; sourceTree = "<group>"; };
		35E15A05289D126800E10C24 /* RemarkViewController.h */ = {isa = PBXFileReference; lastKnownFileType = sourcecode.c.h; path = RemarkViewController.h; sourceTree = "<group>"; };
		35E15A06289D126800E10C24 /* RemarkViewController.m */ = {isa = PBXFileReference; lastKnownFileType = sourcecode.c.objc; path = RemarkViewController.m; sourceTree = "<group>"; };
		35E15A09289D139400E10C24 /* MoremessageViewController.h */ = {isa = PBXFileReference; lastKnownFileType = sourcecode.c.h; path = MoremessageViewController.h; sourceTree = "<group>"; };
		35E15A0A289D139400E10C24 /* MoremessageViewController.m */ = {isa = PBXFileReference; lastKnownFileType = sourcecode.c.objc; path = MoremessageViewController.m; sourceTree = "<group>"; };
		4DF9C4D3B0F03AEC74D3CE4E /* libPods-MMessage.a */ = {isa = PBXFileReference; explicitFileType = archive.ar; includeInIndex = 0; path = "libPods-MMessage.a"; sourceTree = BUILT_PRODUCTS_DIR; };
		6CD44150960C908EFFA6B96C /* Pods-MMessage.debug.xcconfig */ = {isa = PBXFileReference; includeInIndex = 1; lastKnownFileType = text.xcconfig; name = "Pods-MMessage.debug.xcconfig"; path = "Target Support Files/Pods-MMessage/Pods-MMessage.debug.xcconfig"; sourceTree = "<group>"; };
		A842B1DC289764A600D9F179 /* MMMineTableViewCell.h */ = {isa = PBXFileReference; lastKnownFileType = sourcecode.c.h; path = MMMineTableViewCell.h; sourceTree = "<group>"; };
		A842B1DD289764A600D9F179 /* MMMineTableViewCell.m */ = {isa = PBXFileReference; lastKnownFileType = sourcecode.c.objc; path = MMMineTableViewCell.m; sourceTree = "<group>"; };
		A842B1E22897719100D9F179 /* MMChangeDetailViewController.h */ = {isa = PBXFileReference; lastKnownFileType = sourcecode.c.h; path = MMChangeDetailViewController.h; sourceTree = "<group>"; };
		A842B1E32897719100D9F179 /* MMChangeDetailViewController.m */ = {isa = PBXFileReference; lastKnownFileType = sourcecode.c.objc; path = MMChangeDetailViewController.m; sourceTree = "<group>"; };
		A842B1E52897CF7000D9F179 /* MMMineTextView.h */ = {isa = PBXFileReference; lastKnownFileType = sourcecode.c.h; path = MMMineTextView.h; sourceTree = "<group>"; };
		A842B1E62897CF7000D9F179 /* MMMineTextView.m */ = {isa = PBXFileReference; lastKnownFileType = sourcecode.c.objc; path = MMMineTextView.m; sourceTree = "<group>"; };
		A851934A289223AC00D3BE13 /* MMTabBarController.h */ = {isa = PBXFileReference; lastKnownFileType = sourcecode.c.h; path = MMTabBarController.h; sourceTree = "<group>"; };
		A851934B289223AC00D3BE13 /* MMTabBarController.m */ = {isa = PBXFileReference; lastKnownFileType = sourcecode.c.objc; path = MMTabBarController.m; sourceTree = "<group>"; };
		A8AA33C0288FF6B200F739C8 /* CoreTelephony.framework */ = {isa = PBXFileReference; lastKnownFileType = wrapper.framework; name = CoreTelephony.framework; path = System/Library/Frameworks/CoreTelephony.framework; sourceTree = SDKROOT; };
		A8AA33C2288FF6BA00F739C8 /* CoreAudio.framework */ = {isa = PBXFileReference; lastKnownFileType = wrapper.framework; name = CoreAudio.framework; path = System/Library/Frameworks/CoreAudio.framework; sourceTree = SDKROOT; };
		A8AA33C4288FF6C100F739C8 /* CoreGraphics.framework */ = {isa = PBXFileReference; lastKnownFileType = wrapper.framework; name = CoreGraphics.framework; path = System/Library/Frameworks/CoreGraphics.framework; sourceTree = SDKROOT; };
		A8AA33C6288FF6C900F739C8 /* SystemConfiguration.framework */ = {isa = PBXFileReference; lastKnownFileType = wrapper.framework; name = SystemConfiguration.framework; path = System/Library/Frameworks/SystemConfiguration.framework; sourceTree = SDKROOT; };
		A8AA33C8288FF6D100F739C8 /* CFNetwork.framework */ = {isa = PBXFileReference; lastKnownFileType = wrapper.framework; name = CFNetwork.framework; path = System/Library/Frameworks/CFNetwork.framework; sourceTree = SDKROOT; };
		A8AA33CA288FF6D700F739C8 /* Security.framework */ = {isa = PBXFileReference; lastKnownFileType = wrapper.framework; name = Security.framework; path = System/Library/Frameworks/Security.framework; sourceTree = SDKROOT; };
		A8AA33CC288FF6DD00F739C8 /* AudioToolbox.framework */ = {isa = PBXFileReference; lastKnownFileType = wrapper.framework; name = AudioToolbox.framework; path = System/Library/Frameworks/AudioToolbox.framework; sourceTree = SDKROOT; };
		A8AA33CE288FF6E300F739C8 /* MobileCoreServices.framework */ = {isa = PBXFileReference; lastKnownFileType = wrapper.framework; name = MobileCoreServices.framework; path = System/Library/Frameworks/MobileCoreServices.framework; sourceTree = SDKROOT; };
		A8AA33D0288FF71300F739C8 /* libz.tbd */ = {isa = PBXFileReference; lastKnownFileType = "sourcecode.text-based-dylib-definition"; name = libz.tbd; path = usr/lib/libz.tbd; sourceTree = SDKROOT; };
		A8AA33D2288FF71E00F739C8 /* libsqlite3.0.tbd */ = {isa = PBXFileReference; lastKnownFileType = "sourcecode.text-based-dylib-definition"; name = libsqlite3.0.tbd; path = usr/lib/libsqlite3.0.tbd; sourceTree = SDKROOT; };
		A8AA33D4288FF72600F739C8 /* libresolv.tbd */ = {isa = PBXFileReference; lastKnownFileType = "sourcecode.text-based-dylib-definition"; name = libresolv.tbd; path = usr/lib/libresolv.tbd; sourceTree = SDKROOT; };
		A8C5724B2892264500FAA17A /* MMWeChatViewController.h */ = {isa = PBXFileReference; lastKnownFileType = sourcecode.c.h; path = MMWeChatViewController.h; sourceTree = "<group>"; };
		A8C5724C2892264500FAA17A /* MMWeChatViewController.m */ = {isa = PBXFileReference; lastKnownFileType = sourcecode.c.objc; path = MMWeChatViewController.m; sourceTree = "<group>"; };
		A8C572512892266500FAA17A /* MMDiscoverViewController.h */ = {isa = PBXFileReference; lastKnownFileType = sourcecode.c.h; path = MMDiscoverViewController.h; sourceTree = "<group>"; };
		A8C572522892266500FAA17A /* MMDiscoverViewController.m */ = {isa = PBXFileReference; lastKnownFileType = sourcecode.c.objc; path = MMDiscoverViewController.m; sourceTree = "<group>"; };
		A8C572542892267500FAA17A /* MMMineViewController.h */ = {isa = PBXFileReference; lastKnownFileType = sourcecode.c.h; path = MMMineViewController.h; sourceTree = "<group>"; };
		A8C572552892267500FAA17A /* MMMineViewController.m */ = {isa = PBXFileReference; lastKnownFileType = sourcecode.c.objc; path = MMMineViewController.m; sourceTree = "<group>"; };
		A8C572572892298D00FAA17A /* MMColor.h */ = {isa = PBXFileReference; lastKnownFileType = sourcecode.c.h; path = MMColor.h; sourceTree = "<group>"; };
		A8C572582892298D00FAA17A /* MMColor.m */ = {isa = PBXFileReference; lastKnownFileType = sourcecode.c.objc; path = MMColor.m; sourceTree = "<group>"; };
		A8D3A38928901179001CC821 /* MMessageDebug.entitlements */ = {isa = PBXFileReference; lastKnownFileType = text.plist.entitlements; path = MMessageDebug.entitlements; sourceTree = "<group>"; };
		A8D3A38A2890119B001CC821 /* MMessage.entitlements */ = {isa = PBXFileReference; lastKnownFileType = text.plist.entitlements; path = MMessage.entitlements; sourceTree = "<group>"; };
		A8E598BD288F8D6E00018BDF /* MMessage.app */ = {isa = PBXFileReference; explicitFileType = wrapper.application; includeInIndex = 0; path = MMessage.app; sourceTree = BUILT_PRODUCTS_DIR; };
		A8E598C0288F8D6E00018BDF /* AppDelegate.h */ = {isa = PBXFileReference; lastKnownFileType = sourcecode.c.h; path = AppDelegate.h; sourceTree = "<group>"; };
		A8E598C1288F8D6E00018BDF /* AppDelegate.m */ = {isa = PBXFileReference; lastKnownFileType = sourcecode.c.objc; path = AppDelegate.m; sourceTree = "<group>"; };
		A8E598C3288F8D6E00018BDF /* SceneDelegate.h */ = {isa = PBXFileReference; lastKnownFileType = sourcecode.c.h; path = SceneDelegate.h; sourceTree = "<group>"; };
		A8E598C4288F8D6E00018BDF /* SceneDelegate.m */ = {isa = PBXFileReference; lastKnownFileType = sourcecode.c.objc; path = SceneDelegate.m; sourceTree = "<group>"; };
		A8E598C6288F8D6E00018BDF /* ViewController.h */ = {isa = PBXFileReference; lastKnownFileType = sourcecode.c.h; path = ViewController.h; sourceTree = "<group>"; };
		A8E598C7288F8D6E00018BDF /* ViewController.m */ = {isa = PBXFileReference; lastKnownFileType = sourcecode.c.objc; path = ViewController.m; sourceTree = "<group>"; };
		A8E598CA288F8D6E00018BDF /* Base */ = {isa = PBXFileReference; lastKnownFileType = file.storyboard; name = Base; path = Base.lproj/Main.storyboard; sourceTree = "<group>"; };
		A8E598CC288F8D6F00018BDF /* Assets.xcassets */ = {isa = PBXFileReference; lastKnownFileType = folder.assetcatalog; path = Assets.xcassets; sourceTree = "<group>"; };
		A8E598CF288F8D6F00018BDF /* Base */ = {isa = PBXFileReference; lastKnownFileType = file.storyboard; name = Base; path = Base.lproj/LaunchScreen.storyboard; sourceTree = "<group>"; };
		A8E598D1288F8D6F00018BDF /* Info.plist */ = {isa = PBXFileReference; lastKnownFileType = text.plist.xml; path = Info.plist; sourceTree = "<group>"; };
		A8E598D2288F8D6F00018BDF /* main.m */ = {isa = PBXFileReference; lastKnownFileType = sourcecode.c.objc; path = main.m; sourceTree = "<group>"; };
		A8E598D9288F8EB500018BDF /* MMScreen.h */ = {isa = PBXFileReference; lastKnownFileType = sourcecode.c.h; path = MMScreen.h; sourceTree = "<group>"; };
		A8E598DA288F8EB500018BDF /* MMScreen.m */ = {isa = PBXFileReference; lastKnownFileType = sourcecode.c.objc; path = MMScreen.m; sourceTree = "<group>"; };
		A8E889F52899470700AD3988 /* MMTimeFormatter.h */ = {isa = PBXFileReference; lastKnownFileType = sourcecode.c.h; path = MMTimeFormatter.h; sourceTree = "<group>"; };
		A8E889F62899470700AD3988 /* MMTimeFormatter.m */ = {isa = PBXFileReference; lastKnownFileType = sourcecode.c.objc; path = MMTimeFormatter.m; sourceTree = "<group>"; };
		A8F616FC28937F260089A484 /* MMMineChangeViewController.h */ = {isa = PBXFileReference; lastKnownFileType = sourcecode.c.h; path = MMMineChangeViewController.h; sourceTree = "<group>"; };
		A8F616FD28937F260089A484 /* MMMineChangeViewController.m */ = {isa = PBXFileReference; lastKnownFileType = sourcecode.c.objc; path = MMMineChangeViewController.m; sourceTree = "<group>"; };
		A8F617052894C9150089A484 /* MMMineTableViewInfo.h */ = {isa = PBXFileReference; lastKnownFileType = sourcecode.c.h; path = MMMineTableViewInfo.h; sourceTree = "<group>"; };
		A8F617062894C9150089A484 /* MMMineTableViewInfo.m */ = {isa = PBXFileReference; lastKnownFileType = sourcecode.c.objc; path = MMMineTableViewInfo.m; sourceTree = "<group>"; };
		E5E447D0AC7C3F535AD28135 /* Pods-MMessage.release.xcconfig */ = {isa = PBXFileReference; includeInIndex = 1; lastKnownFileType = text.xcconfig; name = "Pods-MMessage.release.xcconfig"; path = "Target Support Files/Pods-MMessage/Pods-MMessage.release.xcconfig"; sourceTree = "<group>"; };
/* End PBXFileReference section */

/* Begin PBXFrameworksBuildPhase section */
		A8E598BA288F8D6E00018BDF /* Frameworks */ = {
			isa = PBXFrameworksBuildPhase;
			buildActionMask = 2147483647;
			files = (
				FB88D52F520DDCF0FF02A21B /* libPods-MMessage.a in Frameworks */,
			);
			runOnlyForDeploymentPostprocessing = 0;
		};
/* End PBXFrameworksBuildPhase section */

/* Begin PBXGroup section */
		3536EDF4289BBEE800AC0856 /* 消息列表 */ = {
			isa = PBXGroup;
			children = (
				A8C5724B2892264500FAA17A /* MMWeChatViewController.h */,
				A8C5724C2892264500FAA17A /* MMWeChatViewController.m */,
				3536EDF5289BCC4500AC0856 /* DJWeChatTableViewCell.h */,
				3536EDF6289BCC4500AC0856 /* DJWeChatTableViewCell.m */,
			);
			path = "消息列表";
			sourceTree = "<group>";
		};
		3580F52E2897D8DF000B79A6 /* 新的朋友 */ = {
			isa = PBXGroup;
			children = (
				3580F5322897D921000B79A6 /* Controller */,
				3580F5332897D92E000B79A6 /* View */,
			);
			path = "新的朋友";
			sourceTree = "<group>";
		};
		3580F5322897D921000B79A6 /* Controller */ = {
			isa = PBXGroup;
			children = (
				3580F52F2897D908000B79A6 /* DJNewFriendViewController.h */,
				3580F5302897D908000B79A6 /* DJNewFriendViewController.m */,
			);
			path = Controller;
			sourceTree = "<group>";
		};
		3580F5332897D92E000B79A6 /* View */ = {
			isa = PBXGroup;
			children = (
				3580F5342897D9BE000B79A6 /* DJNewFriendView.h */,
				3580F5352897D9BE000B79A6 /* DJNewFriendView.m */,
			);
			path = View;
			sourceTree = "<group>";
		};
		3580F53A2897DDD8000B79A6 /* 用户详情信息 */ = {
			isa = PBXGroup;
			children = (
				35E15A08289D137200E10C24 /* 更多信息 */,
				35E15A01289D121C00E10C24 /* 朋友权限 */,
				35E15A00289D120E00E10C24 /* 备注与标签 */,
				35E159FF289D120600E10C24 /* 主页 */,
				3580F550289924C1000B79A6 /* 更多设置 */,
			);
			path = "用户详情信息";
			sourceTree = "<group>";
		};
		3580F53E2897DF05000B79A6 /* Controller */ = {
			isa = PBXGroup;
			children = (
				3580F53B2897DE02000B79A6 /* DJUserDataViewController.h */,
				3580F53C2897DE02000B79A6 /* DJUserDataViewController.m */,
			);
			path = Controller;
			sourceTree = "<group>";
		};
		3580F53F2897DF0B000B79A6 /* View */ = {
			isa = PBXGroup;
			children = (
				3580F5402897DF28000B79A6 /* DJUserdataView.h */,
				3580F5412897DF28000B79A6 /* DJUserdataView.m */,
			);
			path = View;
			sourceTree = "<group>";
		};
		3580F5432899047A000B79A6 /* 搜索 */ = {
			isa = PBXGroup;
			children = (
				3580F547289904CF000B79A6 /* 搜索添加好友 */,
				3580F546289904B2000B79A6 /* 搜索好友列表 */,
			);
			path = "搜索";
			sourceTree = "<group>";
		};
		3580F54428990494000B79A6 /* Controller */ = {
			isa = PBXGroup;
			children = (
				358B175A2892CE6300F52DE5 /* DJSearchViewController.h */,
				358B175B2892CE6300F52DE5 /* DJSearchViewController.m */,
			);
			path = Controller;
			sourceTree = "<group>";
		};
		3580F545289904A0000B79A6 /* View */ = {
			isa = PBXGroup;
			children = (
			);
			path = View;
			sourceTree = "<group>";
		};
		3580F546289904B2000B79A6 /* 搜索好友列表 */ = {
			isa = PBXGroup;
			children = (
				3580F54428990494000B79A6 /* Controller */,
				3580F545289904A0000B79A6 /* View */,
			);
			path = "搜索好友列表";
			sourceTree = "<group>";
		};
		3580F547289904CF000B79A6 /* 搜索添加好友 */ = {
			isa = PBXGroup;
			children = (
				3580F548289904D5000B79A6 /* Controller */,
				3580F549289904DC000B79A6 /* View */,
			);
			path = "搜索添加好友";
			sourceTree = "<group>";
		};
		3580F548289904D5000B79A6 /* Controller */ = {
			isa = PBXGroup;
			children = (
				3580F54A2899050C000B79A6 /* DJSearchAddFriendViewController.h */,
				3580F54B2899050C000B79A6 /* DJSearchAddFriendViewController.m */,
			);
			path = Controller;
			sourceTree = "<group>";
		};
		3580F549289904DC000B79A6 /* View */ = {
			isa = PBXGroup;
			children = (
				3580F54D28990521000B79A6 /* DJSearchAddFriendView.h */,
				3580F54E28990521000B79A6 /* DJSearchAddFriendView.m */,
			);
			path = View;
			sourceTree = "<group>";
		};
		3580F550289924C1000B79A6 /* 更多设置 */ = {
			isa = PBXGroup;
			children = (
				3580F558289924FD000B79A6 /* Controller */,
				3580F55928992505000B79A6 /* View */,
			);
			path = "更多设置";
			sourceTree = "<group>";
		};
		3580F558289924FD000B79A6 /* Controller */ = {
			isa = PBXGroup;
			children = (
				3580F555289924FA000B79A6 /* DJSetUserDataViewController.h */,
				3580F556289924FA000B79A6 /* DJSetUserDataViewController.m */,
			);
			path = Controller;
			sourceTree = "<group>";
		};
		3580F55928992505000B79A6 /* View */ = {
			isa = PBXGroup;
			children = (
				3580F552289924E7000B79A6 /* DJSetMoreUserView.h */,
				3580F553289924E7000B79A6 /* DJSetMoreUserView.m */,
			);
			path = View;
			sourceTree = "<group>";
		};
		3580F55A2899333B000B79A6 /* 单聊会话 */ = {
			isa = PBXGroup;
			children = (
				3580F55E28993532000B79A6 /* Controller */,
				3580F55F2899353F000B79A6 /* View */,
			);
			path = "单聊会话";
			sourceTree = "<group>";
		};
		3580F55E28993532000B79A6 /* Controller */ = {
			isa = PBXGroup;
			children = (
				3580F55B2899337D000B79A6 /* DJChatViewController.h */,
				3580F55C2899337D000B79A6 /* DJChatViewController.m */,
			);
			path = Controller;
			sourceTree = "<group>";
		};
		3580F55F2899353F000B79A6 /* View */ = {
			isa = PBXGroup;
			children = (
				3580F5632899380A000B79A6 /* DJChatTableViewCell.h */,
				3580F5642899380A000B79A6 /* DJChatTableViewCell.m */,
				3536EDF1289B9F7100AC0856 /* TextFieldView.h */,
				3536EDF2289B9F7100AC0856 /* TextFieldView.m */,
			);
			path = View;
			sourceTree = "<group>";
		};
		358B171B28919E5100F52DE5 /* Model */ = {
			isa = PBXGroup;
			children = (
				A8E598D9288F8EB500018BDF /* MMScreen.h */,
				A8E598DA288F8EB500018BDF /* MMScreen.m */,
				A8C572572892298D00FAA17A /* MMColor.h */,
				A8C572582892298D00FAA17A /* MMColor.m */,
				358B175D2893B86900F52DE5 /* DJUserData.h */,
				358B175E2893B86900F52DE5 /* DJUserData.m */,
				358B17612893DD2900F52DE5 /* DJListItem.h */,
				358B17622893DD2900F52DE5 /* DJListItem.m */,
				358B176E2894110800F52DE5 /* DJToolNavigationBar.h */,
				358B176F2894110800F52DE5 /* DJToolNavigationBar.m */,
				3580F5372897DC73000B79A6 /* DJSingleton.h */,
				3580F5382897DC73000B79A6 /* DJSingleton.m */,
				A8E889F52899470700AD3988 /* MMTimeFormatter.h */,
				A8E889F62899470700AD3988 /* MMTimeFormatter.m */,
			);
			path = Model;
			sourceTree = "<group>";
		};
		358B171C28919E5D00F52DE5 /* LoginAndRegister */ = {
			isa = PBXGroup;
			children = (
				358B171D28919E8400F52DE5 /* Controller */,
				358B171E28919E8A00F52DE5 /* View */,
			);
			path = LoginAndRegister;
			sourceTree = "<group>";
		};
		358B171D28919E8400F52DE5 /* Controller */ = {
			isa = PBXGroup;
			children = (
				358B171F28919E9F00F52DE5 /* DJLoginViewController.h */,
				358B172028919E9F00F52DE5 /* DJLoginViewController.m */,
				358B172228919EAE00F52DE5 /* DJRegisterViewController.h */,
				358B172328919EAE00F52DE5 /* DJRegisterViewController.m */,
			);
			path = Controller;
			sourceTree = "<group>";
		};
		358B171E28919E8A00F52DE5 /* View */ = {
			isa = PBXGroup;
			children = (
				358B172528919ECF00F52DE5 /* LoginView.h */,
				358B172628919ECF00F52DE5 /* LoginView.m */,
				358B172928919EFB00F52DE5 /* DJRegisterView.h */,
				358B172A28919EFB00F52DE5 /* DJRegisterView.m */,
			);
			path = View;
			sourceTree = "<group>";
		};
		358B17462892969200F52DE5 /* Controller */ = {
			isa = PBXGroup;
			children = (
				358B17572892CE0200F52DE5 /* DJAddFriendViewController.h */,
				358B17582892CE0200F52DE5 /* DJAddFriendViewController.m */,
			);
			path = Controller;
			sourceTree = "<group>";
		};
		358B17472892969F00F52DE5 /* View */ = {
			isa = PBXGroup;
			children = (
				358B174E2892973000F52DE5 /* DJAddressView.h */,
				358B174F2892973000F52DE5 /* DJAddressView.m */,
				358B17542892BFAF00F52DE5 /* DJBasicTableViewCell.h */,
				358B17552892BFAF00F52DE5 /* DJBasicTableViewCell.m */,
			);
			name = View;
			path = Controller/View;
			sourceTree = "<group>";
		};
		358B176428940CB200F52DE5 /* 通讯录 */ = {
			isa = PBXGroup;
			children = (
				358B176628940CCF00F52DE5 /* Controller */,
				358B17472892969F00F52DE5 /* View */,
			);
			path = "通讯录";
			sourceTree = "<group>";
		};
		358B176528940CC000F52DE5 /* 添加好友页面 */ = {
			isa = PBXGroup;
			children = (
				358B17462892969200F52DE5 /* Controller */,
				358B17712894135100F52DE5 /* View */,
			);
			path = "添加好友页面";
			sourceTree = "<group>";
		};
		358B176628940CCF00F52DE5 /* Controller */ = {
			isa = PBXGroup;
			children = (
				358B174B2892970100F52DE5 /* DJAddressViewController.h */,
				358B174C2892970100F52DE5 /* DJAddressViewController.m */,
			);
			path = Controller;
			sourceTree = "<group>";
		};
		358B17712894135100F52DE5 /* View */ = {
			isa = PBXGroup;
			children = (
				358B17722894137700F52DE5 /* DJAddFriendView.h */,
				358B17732894137700F52DE5 /* DJAddFriendView.m */,
			);
			path = View;
			sourceTree = "<group>";
		};
		35E159FF289D120600E10C24 /* 主页 */ = {
			isa = PBXGroup;
			children = (
				3580F53E2897DF05000B79A6 /* Controller */,
				3580F53F2897DF0B000B79A6 /* View */,
			);
			path = "主页";
			sourceTree = "<group>";
		};
		35E15A00289D120E00E10C24 /* 备注与标签 */ = {
			isa = PBXGroup;
			children = (
				35E15A05289D126800E10C24 /* RemarkViewController.h */,
				35E15A06289D126800E10C24 /* RemarkViewController.m */,
			);
			path = "备注与标签";
			sourceTree = "<group>";
		};
		35E15A01289D121C00E10C24 /* 朋友权限 */ = {
			isa = PBXGroup;
			children = (
				35E15A02289D125E00E10C24 /* FriendLimitViewController.h */,
				35E15A03289D125E00E10C24 /* FriendLimitViewController.m */,
			);
			path = "朋友权限";
			sourceTree = "<group>";
		};
		35E15A08289D137200E10C24 /* 更多信息 */ = {
			isa = PBXGroup;
			children = (
				35E15A09289D139400E10C24 /* MoremessageViewController.h */,
				35E15A0A289D139400E10C24 /* MoremessageViewController.m */,
			);
			path = "更多信息";
			sourceTree = "<group>";
		};
		3A361FF91F0C730D98AA28AB /* Pods */ = {
			isa = PBXGroup;
			children = (
				6CD44150960C908EFFA6B96C /* Pods-MMessage.debug.xcconfig */,
				E5E447D0AC7C3F535AD28135 /* Pods-MMessage.release.xcconfig */,
			);
			path = Pods;
			sourceTree = "<group>";
		};
		63C1987B9C143D74CE754D26 /* Frameworks */ = {
			isa = PBXGroup;
			children = (
				A8AA33D4288FF72600F739C8 /* libresolv.tbd */,
				A8AA33D2288FF71E00F739C8 /* libsqlite3.0.tbd */,
				A8AA33D0288FF71300F739C8 /* libz.tbd */,
				A8AA33CE288FF6E300F739C8 /* MobileCoreServices.framework */,
				A8AA33CC288FF6DD00F739C8 /* AudioToolbox.framework */,
				A8AA33CA288FF6D700F739C8 /* Security.framework */,
				A8AA33C8288FF6D100F739C8 /* CFNetwork.framework */,
				A8AA33C6288FF6C900F739C8 /* SystemConfiguration.framework */,
				A8AA33C4288FF6C100F739C8 /* CoreGraphics.framework */,
				A8AA33C2288FF6BA00F739C8 /* CoreAudio.framework */,
				A8AA33C0288FF6B200F739C8 /* CoreTelephony.framework */,
				4DF9C4D3B0F03AEC74D3CE4E /* libPods-MMessage.a */,
			);
			name = Frameworks;
			sourceTree = "<group>";
		};
		A842B1DF2897654200D9F179 /* FirstViewController */ = {
			isa = PBXGroup;
			children = (
				A8C572542892267500FAA17A /* MMMineViewController.h */,
				A8C572552892267500FAA17A /* MMMineViewController.m */,
			);
			path = FirstViewController;
			sourceTree = "<group>";
		};
		A842B1E02897658200D9F179 /* ChangeViewController */ = {
			isa = PBXGroup;
			children = (
				A842B1E1289765AD00D9F179 /* Model */,
				A8F616FC28937F260089A484 /* MMMineChangeViewController.h */,
				A8F616FD28937F260089A484 /* MMMineChangeViewController.m */,
				A842B1DC289764A600D9F179 /* MMMineTableViewCell.h */,
				A842B1DD289764A600D9F179 /* MMMineTableViewCell.m */,
				A842B1E22897719100D9F179 /* MMChangeDetailViewController.h */,
				A842B1E32897719100D9F179 /* MMChangeDetailViewController.m */,
				A842B1E52897CF7000D9F179 /* MMMineTextView.h */,
				A842B1E62897CF7000D9F179 /* MMMineTextView.m */,
			);
			path = ChangeViewController;
			sourceTree = "<group>";
		};
		A842B1E1289765AD00D9F179 /* Model */ = {
			isa = PBXGroup;
			children = (
				A8F617052894C9150089A484 /* MMMineTableViewInfo.h */,
				A8F617062894C9150089A484 /* MMMineTableViewInfo.m */,
			);
			path = Model;
			sourceTree = "<group>";
		};
		A85193452892234900D3BE13 /* Main */ = {
			isa = PBXGroup;
			children = (
				A8C5724A2892260F00FAA17A /* WeChat */,
				A8C57249289225E700FAA17A /* AddressList */,
				A8C57248289225D000FAA17A /* Discover */,
				A8C57247289225B500FAA17A /* Mine */,
				A85193462892235D00D3BE13 /* tabBar */,
			);
			path = Main;
			sourceTree = "<group>";
		};
		A85193462892235D00D3BE13 /* tabBar */ = {
			isa = PBXGroup;
			children = (
				A851934A289223AC00D3BE13 /* MMTabBarController.h */,
				A851934B289223AC00D3BE13 /* MMTabBarController.m */,
			);
			path = tabBar;
			sourceTree = "<group>";
		};
		A8C57247289225B500FAA17A /* Mine */ = {
			isa = PBXGroup;
			children = (
				A842B1E02897658200D9F179 /* ChangeViewController */,
				A842B1DF2897654200D9F179 /* FirstViewController */,
			);
			path = Mine;
			sourceTree = "<group>";
		};
		A8C57248289225D000FAA17A /* Discover */ = {
			isa = PBXGroup;
			children = (
				A8C572512892266500FAA17A /* MMDiscoverViewController.h */,
				A8C572522892266500FAA17A /* MMDiscoverViewController.m */,
			);
			path = Discover;
			sourceTree = "<group>";
		};
		A8C57249289225E700FAA17A /* AddressList */ = {
			isa = PBXGroup;
			children = (
				3580F5432899047A000B79A6 /* 搜索 */,
				358B176428940CB200F52DE5 /* 通讯录 */,
				3580F53A2897DDD8000B79A6 /* 用户详情信息 */,
				3580F52E2897D8DF000B79A6 /* 新的朋友 */,
				358B176528940CC000F52DE5 /* 添加好友页面 */,
			);
			path = AddressList;
			sourceTree = "<group>";
		};
		A8C5724A2892260F00FAA17A /* WeChat */ = {
			isa = PBXGroup;
			children = (
				3536EDF4289BBEE800AC0856 /* 消息列表 */,
				3580F55A2899333B000B79A6 /* 单聊会话 */,
			);
			path = WeChat;
			sourceTree = "<group>";
		};
		A8E598B4288F8D6E00018BDF = {
			isa = PBXGroup;
			children = (
				A8E598BF288F8D6E00018BDF /* MMessage */,
				A8E598BE288F8D6E00018BDF /* Products */,
				3A361FF91F0C730D98AA28AB /* Pods */,
				63C1987B9C143D74CE754D26 /* Frameworks */,
			);
			sourceTree = "<group>";
		};
		A8E598BE288F8D6E00018BDF /* Products */ = {
			isa = PBXGroup;
			children = (
				A8E598BD288F8D6E00018BDF /* MMessage.app */,
			);
			name = Products;
			sourceTree = "<group>";
		};
		A8E598BF288F8D6E00018BDF /* MMessage */ = {
			isa = PBXGroup;
			children = (
				A8D3A38A2890119B001CC821 /* MMessage.entitlements */,
				A8D3A38928901179001CC821 /* MMessageDebug.entitlements */,
				A8E598C0288F8D6E00018BDF /* AppDelegate.h */,
				A8E598C1288F8D6E00018BDF /* AppDelegate.m */,
				A8E598C3288F8D6E00018BDF /* SceneDelegate.h */,
				A8E598C4288F8D6E00018BDF /* SceneDelegate.m */,
				A8E598C6288F8D6E00018BDF /* ViewController.h */,
				A8E598C7288F8D6E00018BDF /* ViewController.m */,
				A8E598C9288F8D6E00018BDF /* Main.storyboard */,
				A8E598CC288F8D6F00018BDF /* Assets.xcassets */,
				A8E598CE288F8D6F00018BDF /* LaunchScreen.storyboard */,
				A8E598D1288F8D6F00018BDF /* Info.plist */,
				A8E598D2288F8D6F00018BDF /* main.m */,
				A85193452892234900D3BE13 /* Main */,
				358B171C28919E5D00F52DE5 /* LoginAndRegister */,
				358B171B28919E5100F52DE5 /* Model */,
			);
			path = MMessage;
			sourceTree = "<group>";
		};
/* End PBXGroup section */

/* Begin PBXNativeTarget section */
		A8E598BC288F8D6E00018BDF /* MMessage */ = {
			isa = PBXNativeTarget;
			buildConfigurationList = A8E598D6288F8D6F00018BDF /* Build configuration list for PBXNativeTarget "MMessage" */;
			buildPhases = (
				EE597AC47660093182536B23 /* [CP] Check Pods Manifest.lock */,
				A8E598B9288F8D6E00018BDF /* Sources */,
				A8E598BA288F8D6E00018BDF /* Frameworks */,
				A8E598BB288F8D6E00018BDF /* Resources */,
				3E6B88AE3A67296D4E753947 /* [CP] Copy Pods Resources */,
			);
			buildRules = (
			);
			dependencies = (
			);
			name = MMessage;
			productName = MMessage;
			productReference = A8E598BD288F8D6E00018BDF /* MMessage.app */;
			productType = "com.apple.product-type.application";
		};
/* End PBXNativeTarget section */

/* Begin PBXProject section */
		A8E598B5288F8D6E00018BDF /* Project object */ = {
			isa = PBXProject;
			attributes = {
				BuildIndependentTargetsInParallel = 1;
				LastUpgradeCheck = 1340;
				TargetAttributes = {
					A8E598BC288F8D6E00018BDF = {
						CreatedOnToolsVersion = 13.4;
					};
				};
			};
			buildConfigurationList = A8E598B8288F8D6E00018BDF /* Build configuration list for PBXProject "MMessage" */;
			compatibilityVersion = "Xcode 13.0";
			developmentRegion = en;
			hasScannedForEncodings = 0;
			knownRegions = (
				en,
				Base,
			);
			mainGroup = A8E598B4288F8D6E00018BDF;
			productRefGroup = A8E598BE288F8D6E00018BDF /* Products */;
			projectDirPath = "";
			projectRoot = "";
			targets = (
				A8E598BC288F8D6E00018BDF /* MMessage */,
			);
		};
/* End PBXProject section */

/* Begin PBXResourcesBuildPhase section */
		A8E598BB288F8D6E00018BDF /* Resources */ = {
			isa = PBXResourcesBuildPhase;
			buildActionMask = 2147483647;
			files = (
				A8E598D0288F8D6F00018BDF /* LaunchScreen.storyboard in Resources */,
				A8E598CD288F8D6F00018BDF /* Assets.xcassets in Resources */,
				A8E598CB288F8D6E00018BDF /* Main.storyboard in Resources */,
			);
			runOnlyForDeploymentPostprocessing = 0;
		};
/* End PBXResourcesBuildPhase section */

/* Begin PBXShellScriptBuildPhase section */
		3E6B88AE3A67296D4E753947 /* [CP] Copy Pods Resources */ = {
			isa = PBXShellScriptBuildPhase;
			buildActionMask = 2147483647;
			files = (
			);
			inputFileListPaths = (
				"${PODS_ROOT}/Target Support Files/Pods-MMessage/Pods-MMessage-resources-${CONFIGURATION}-input-files.xcfilelist",
			);
			name = "[CP] Copy Pods Resources";
			outputFileListPaths = (
				"${PODS_ROOT}/Target Support Files/Pods-MMessage/Pods-MMessage-resources-${CONFIGURATION}-output-files.xcfilelist",
			);
			runOnlyForDeploymentPostprocessing = 0;
			shellPath = /bin/sh;
			shellScript = "\"${PODS_ROOT}/Target Support Files/Pods-MMessage/Pods-MMessage-resources.sh\"\n";
			showEnvVarsInLog = 0;
		};
		EE597AC47660093182536B23 /* [CP] Check Pods Manifest.lock */ = {
			isa = PBXShellScriptBuildPhase;
			buildActionMask = 2147483647;
			files = (
			);
			inputFileListPaths = (
			);
			inputPaths = (
				"${PODS_PODFILE_DIR_PATH}/Podfile.lock",
				"${PODS_ROOT}/Manifest.lock",
			);
			name = "[CP] Check Pods Manifest.lock";
			outputFileListPaths = (
			);
			outputPaths = (
				"$(DERIVED_FILE_DIR)/Pods-MMessage-checkManifestLockResult.txt",
			);
			runOnlyForDeploymentPostprocessing = 0;
			shellPath = /bin/sh;
			shellScript = "diff \"${PODS_PODFILE_DIR_PATH}/Podfile.lock\" \"${PODS_ROOT}/Manifest.lock\" > /dev/null\nif [ $? != 0 ] ; then\n    # print error to STDERR\n    echo \"error: The sandbox is not in sync with the Podfile.lock. Run 'pod install' or update your CocoaPods installation.\" >&2\n    exit 1\nfi\n# This output is used by Xcode 'outputs' to avoid re-running this script phase.\necho \"SUCCESS\" > \"${SCRIPT_OUTPUT_FILE_0}\"\n";
			showEnvVarsInLog = 0;
		};
/* End PBXShellScriptBuildPhase section */

/* Begin PBXSourcesBuildPhase section */
		A8E598B9288F8D6E00018BDF /* Sources */ = {
			isa = PBXSourcesBuildPhase;
			buildActionMask = 2147483647;
			files = (
				A842B1DE289764A600D9F179 /* MMMineTableViewCell.m in Sources */,
				3580F5362897D9BE000B79A6 /* DJNewFriendView.m in Sources */,
				3580F54C2899050C000B79A6 /* DJSearchAddFriendViewController.m in Sources */,
				358B172428919EAE00F52DE5 /* DJRegisterViewController.m in Sources */,
				A851934C289223AC00D3BE13 /* MMTabBarController.m in Sources */,
				3536EDF7289BCC4500AC0856 /* DJWeChatTableViewCell.m in Sources */,
				A8F616FE28937F260089A484 /* MMMineChangeViewController.m in Sources */,
				A8C572532892266500FAA17A /* MMDiscoverViewController.m in Sources */,
				A842B1E42897719100D9F179 /* MMChangeDetailViewController.m in Sources */,
				A8E598C8288F8D6E00018BDF /* ViewController.m in Sources */,
				A8C5724D2892264500FAA17A /* MMWeChatViewController.m in Sources */,
				3580F55D2899337D000B79A6 /* DJChatViewController.m in Sources */,
				358B17702894110800F52DE5 /* DJToolNavigationBar.m in Sources */,
				3580F5312897D908000B79A6 /* DJNewFriendViewController.m in Sources */,
				358B172728919ECF00F52DE5 /* LoginView.m in Sources */,
				3580F54F28990521000B79A6 /* DJSearchAddFriendView.m in Sources */,
				358B17502892973000F52DE5 /* DJAddressView.m in Sources */,
				3580F5422897DF28000B79A6 /* DJUserdataView.m in Sources */,
				358B17562892BFAF00F52DE5 /* DJBasicTableViewCell.m in Sources */,
				3580F554289924E7000B79A6 /* DJSetMoreUserView.m in Sources */,
				358B174D2892970100F52DE5 /* DJAddressViewController.m in Sources */,
				358B17632893DD2900F52DE5 /* DJListItem.m in Sources */,
				358B175C2892CE6400F52DE5 /* DJSearchViewController.m in Sources */,
				3580F5392897DC73000B79A6 /* DJSingleton.m in Sources */,
				A8E598C2288F8D6E00018BDF /* AppDelegate.m in Sources */,
				3580F5652899380A000B79A6 /* DJChatTableViewCell.m in Sources */,
				35E15A0B289D139400E10C24 /* MoremessageViewController.m in Sources */,
				A8E598D3288F8D6F00018BDF /* main.m in Sources */,
				358B17742894137700F52DE5 /* DJAddFriendView.m in Sources */,
				A842B1E72897CF7000D9F179 /* MMMineTextView.m in Sources */,
				3580F557289924FA000B79A6 /* DJSetUserDataViewController.m in Sources */,
				A8C572562892267500FAA17A /* MMMineViewController.m in Sources */,
				358B175F2893B86900F52DE5 /* DJUserData.m in Sources */,
				A8E598DB288F8EB500018BDF /* MMScreen.m in Sources */,
				A8F617072894C9150089A484 /* MMMineTableViewInfo.m in Sources */,
				3536EDF3289B9F7100AC0856 /* TextFieldView.m in Sources */,
				35E15A04289D125E00E10C24 /* FriendLimitViewController.m in Sources */,
				358B172128919E9F00F52DE5 /* DJLoginViewController.m in Sources */,
				A8E598C5288F8D6E00018BDF /* SceneDelegate.m in Sources */,
				35E15A07289D126800E10C24 /* RemarkViewController.m in Sources */,
				358B17592892CE0200F52DE5 /* DJAddFriendViewController.m in Sources */,
				A8C572592892298D00FAA17A /* MMColor.m in Sources */,
				358B172B28919EFB00F52DE5 /* DJRegisterView.m in Sources */,
				3580F53D2897DE02000B79A6 /* DJUserDataViewController.m in Sources */,
				A8E889F72899470700AD3988 /* MMTimeFormatter.m in Sources */,
			);
			runOnlyForDeploymentPostprocessing = 0;
		};
/* End PBXSourcesBuildPhase section */

/* Begin PBXVariantGroup section */
		A8E598C9288F8D6E00018BDF /* Main.storyboard */ = {
			isa = PBXVariantGroup;
			children = (
				A8E598CA288F8D6E00018BDF /* Base */,
			);
			name = Main.storyboard;
			sourceTree = "<group>";
		};
		A8E598CE288F8D6F00018BDF /* LaunchScreen.storyboard */ = {
			isa = PBXVariantGroup;
			children = (
				A8E598CF288F8D6F00018BDF /* Base */,
			);
			name = LaunchScreen.storyboard;
			sourceTree = "<group>";
		};
/* End PBXVariantGroup section */

/* Begin XCBuildConfiguration section */
		A8E598D4288F8D6F00018BDF /* Debug */ = {
			isa = XCBuildConfiguration;
			buildSettings = {
				ALWAYS_SEARCH_USER_PATHS = NO;
				CLANG_ANALYZER_NONNULL = YES;
				CLANG_ANALYZER_NUMBER_OBJECT_CONVERSION = YES_AGGRESSIVE;
				CLANG_CXX_LANGUAGE_STANDARD = "gnu++17";
				CLANG_ENABLE_MODULES = YES;
				CLANG_ENABLE_OBJC_ARC = YES;
				CLANG_ENABLE_OBJC_WEAK = YES;
				CLANG_WARN_BLOCK_CAPTURE_AUTORELEASING = YES;
				CLANG_WARN_BOOL_CONVERSION = YES;
				CLANG_WARN_COMMA = YES;
				CLANG_WARN_CONSTANT_CONVERSION = YES;
				CLANG_WARN_DEPRECATED_OBJC_IMPLEMENTATIONS = YES;
				CLANG_WARN_DIRECT_OBJC_ISA_USAGE = YES_ERROR;
				CLANG_WARN_DOCUMENTATION_COMMENTS = YES;
				CLANG_WARN_EMPTY_BODY = YES;
				CLANG_WARN_ENUM_CONVERSION = YES;
				CLANG_WARN_INFINITE_RECURSION = YES;
				CLANG_WARN_INT_CONVERSION = YES;
				CLANG_WARN_NON_LITERAL_NULL_CONVERSION = YES;
				CLANG_WARN_OBJC_IMPLICIT_RETAIN_SELF = YES;
				CLANG_WARN_OBJC_LITERAL_CONVERSION = YES;
				CLANG_WARN_OBJC_ROOT_CLASS = YES_ERROR;
				CLANG_WARN_QUOTED_INCLUDE_IN_FRAMEWORK_HEADER = YES;
				CLANG_WARN_RANGE_LOOP_ANALYSIS = YES;
				CLANG_WARN_STRICT_PROTOTYPES = YES;
				CLANG_WARN_SUSPICIOUS_MOVE = YES;
				CLANG_WARN_UNGUARDED_AVAILABILITY = YES_AGGRESSIVE;
				CLANG_WARN_UNREACHABLE_CODE = YES;
				CLANG_WARN__DUPLICATE_METHOD_MATCH = YES;
				CODE_SIGN_IDENTITY = "iPhone Developer";
				COPY_PHASE_STRIP = NO;
				DEBUG_INFORMATION_FORMAT = dwarf;
				ENABLE_STRICT_OBJC_MSGSEND = YES;
				ENABLE_TESTABILITY = YES;
				GCC_C_LANGUAGE_STANDARD = gnu11;
				GCC_DYNAMIC_NO_PIC = NO;
				GCC_NO_COMMON_BLOCKS = YES;
				GCC_OPTIMIZATION_LEVEL = 0;
				GCC_PREPROCESSOR_DEFINITIONS = (
					"DEBUG=1",
					"$(inherited)",
				);
				GCC_WARN_64_TO_32_BIT_CONVERSION = YES;
				GCC_WARN_ABOUT_RETURN_TYPE = YES_ERROR;
				GCC_WARN_UNDECLARED_SELECTOR = YES;
				GCC_WARN_UNINITIALIZED_AUTOS = YES_AGGRESSIVE;
				GCC_WARN_UNUSED_FUNCTION = YES;
				GCC_WARN_UNUSED_VARIABLE = YES;
				IPHONEOS_DEPLOYMENT_TARGET = 15.5;
				MTL_ENABLE_DEBUG_INFO = INCLUDE_SOURCE;
				MTL_FAST_MATH = YES;
				ONLY_ACTIVE_ARCH = YES;
				SDKROOT = iphoneos;
			};
			name = Debug;
		};
		A8E598D5288F8D6F00018BDF /* Release */ = {
			isa = XCBuildConfiguration;
			buildSettings = {
				ALWAYS_SEARCH_USER_PATHS = NO;
				CLANG_ANALYZER_NONNULL = YES;
				CLANG_ANALYZER_NUMBER_OBJECT_CONVERSION = YES_AGGRESSIVE;
				CLANG_CXX_LANGUAGE_STANDARD = "gnu++17";
				CLANG_ENABLE_MODULES = YES;
				CLANG_ENABLE_OBJC_ARC = YES;
				CLANG_ENABLE_OBJC_WEAK = YES;
				CLANG_WARN_BLOCK_CAPTURE_AUTORELEASING = YES;
				CLANG_WARN_BOOL_CONVERSION = YES;
				CLANG_WARN_COMMA = YES;
				CLANG_WARN_CONSTANT_CONVERSION = YES;
				CLANG_WARN_DEPRECATED_OBJC_IMPLEMENTATIONS = YES;
				CLANG_WARN_DIRECT_OBJC_ISA_USAGE = YES_ERROR;
				CLANG_WARN_DOCUMENTATION_COMMENTS = YES;
				CLANG_WARN_EMPTY_BODY = YES;
				CLANG_WARN_ENUM_CONVERSION = YES;
				CLANG_WARN_INFINITE_RECURSION = YES;
				CLANG_WARN_INT_CONVERSION = YES;
				CLANG_WARN_NON_LITERAL_NULL_CONVERSION = YES;
				CLANG_WARN_OBJC_IMPLICIT_RETAIN_SELF = YES;
				CLANG_WARN_OBJC_LITERAL_CONVERSION = YES;
				CLANG_WARN_OBJC_ROOT_CLASS = YES_ERROR;
				CLANG_WARN_QUOTED_INCLUDE_IN_FRAMEWORK_HEADER = YES;
				CLANG_WARN_RANGE_LOOP_ANALYSIS = YES;
				CLANG_WARN_STRICT_PROTOTYPES = YES;
				CLANG_WARN_SUSPICIOUS_MOVE = YES;
				CLANG_WARN_UNGUARDED_AVAILABILITY = YES_AGGRESSIVE;
				CLANG_WARN_UNREACHABLE_CODE = YES;
				CLANG_WARN__DUPLICATE_METHOD_MATCH = YES;
				CODE_SIGN_IDENTITY = "iPhone Developer";
				COPY_PHASE_STRIP = NO;
				DEBUG_INFORMATION_FORMAT = "dwarf-with-dsym";
				ENABLE_NS_ASSERTIONS = NO;
				ENABLE_STRICT_OBJC_MSGSEND = YES;
				GCC_C_LANGUAGE_STANDARD = gnu11;
				GCC_NO_COMMON_BLOCKS = YES;
				GCC_WARN_64_TO_32_BIT_CONVERSION = YES;
				GCC_WARN_ABOUT_RETURN_TYPE = YES_ERROR;
				GCC_WARN_UNDECLARED_SELECTOR = YES;
				GCC_WARN_UNINITIALIZED_AUTOS = YES_AGGRESSIVE;
				GCC_WARN_UNUSED_FUNCTION = YES;
				GCC_WARN_UNUSED_VARIABLE = YES;
				IPHONEOS_DEPLOYMENT_TARGET = 15.5;
				MTL_ENABLE_DEBUG_INFO = NO;
				MTL_FAST_MATH = YES;
				SDKROOT = iphoneos;
				VALIDATE_PRODUCT = YES;
			};
			name = Release;
		};
		A8E598D7288F8D6F00018BDF /* Debug */ = {
			isa = XCBuildConfiguration;
			baseConfigurationReference = 6CD44150960C908EFFA6B96C /* Pods-MMessage.debug.xcconfig */;
			buildSettings = {
				ASSETCATALOG_COMPILER_APPICON_NAME = AppIcon;
				ASSETCATALOG_COMPILER_GLOBAL_ACCENT_COLOR_NAME = AccentColor;
				CODE_SIGN_ENTITLEMENTS = MMessage/MMessageDebug.entitlements;
				CODE_SIGN_IDENTITY = "Apple Development";
				CODE_SIGN_STYLE = Automatic;
				CURRENT_PROJECT_VERSION = 1;
				DEVELOPMENT_TEAM = K85A9R99M3;
				GENERATE_INFOPLIST_FILE = YES;
				INFOPLIST_FILE = MMessage/Info.plist;
				INFOPLIST_KEY_NSCameraUsageDescription = "访问相机以拍照";
				INFOPLIST_KEY_NSLocationUsageDescription = "允许定位以把位置保存到照片中";
				INFOPLIST_KEY_NSLocationWhenInUseUsageDescription = "允许定位以把位置保存到照片中";
				INFOPLIST_KEY_NSMicrophoneUsageDescription = "访问麦克风以录像";
				INFOPLIST_KEY_NSPhotoLibraryUsageDescription = "访问相册以选择照片";
				INFOPLIST_KEY_UIApplicationSupportsIndirectInputEvents = YES;
				INFOPLIST_KEY_UILaunchStoryboardName = LaunchScreen;
				INFOPLIST_KEY_UIMainStoryboardFile = Main;
				INFOPLIST_KEY_UISupportedInterfaceOrientations_iPad = "UIInterfaceOrientationPortrait UIInterfaceOrientationPortraitUpsideDown UIInterfaceOrientationLandscapeLeft UIInterfaceOrientationLandscapeRight";
				INFOPLIST_KEY_UISupportedInterfaceOrientations_iPhone = "UIInterfaceOrientationPortrait UIInterfaceOrientationLandscapeLeft UIInterfaceOrientationLandscapeRight";
				LD_RUNPATH_SEARCH_PATHS = (
					"$(inherited)",
					"@executable_path/Frameworks",
				);
				MARKETING_VERSION = 1.0;
				PRODUCT_BUNDLE_IDENTIFIER = com.iOS.TopView.MMessage;
				PRODUCT_NAME = "$(TARGET_NAME)";
				PROVISIONING_PROFILE_SPECIFIER = "";
				SWIFT_EMIT_LOC_STRINGS = YES;
				TARGETED_DEVICE_FAMILY = "1,2";
			};
			name = Debug;
		};
		A8E598D8288F8D6F00018BDF /* Release */ = {
			isa = XCBuildConfiguration;
			baseConfigurationReference = E5E447D0AC7C3F535AD28135 /* Pods-MMessage.release.xcconfig */;
			buildSettings = {
				ASSETCATALOG_COMPILER_APPICON_NAME = AppIcon;
				ASSETCATALOG_COMPILER_GLOBAL_ACCENT_COLOR_NAME = AccentColor;
				CODE_SIGN_ENTITLEMENTS = MMessage/MMessage.entitlements;
				CODE_SIGN_IDENTITY = "Apple Development";
				CODE_SIGN_STYLE = Automatic;
				CURRENT_PROJECT_VERSION = 1;
				DEVELOPMENT_TEAM = K85A9R99M3;
				GENERATE_INFOPLIST_FILE = YES;
				INFOPLIST_FILE = MMessage/Info.plist;
				INFOPLIST_KEY_NSCameraUsageDescription = "访问相机以拍照";
				INFOPLIST_KEY_NSLocationUsageDescription = "允许定位以把位置保存到照片中";
				INFOPLIST_KEY_NSLocationWhenInUseUsageDescription = "允许定位以把位置保存到照片中";
				INFOPLIST_KEY_NSMicrophoneUsageDescription = "访问麦克风以录像";
				INFOPLIST_KEY_NSPhotoLibraryUsageDescription = "访问相册以选择照片";
				INFOPLIST_KEY_UIApplicationSupportsIndirectInputEvents = YES;
				INFOPLIST_KEY_UILaunchStoryboardName = LaunchScreen;
				INFOPLIST_KEY_UIMainStoryboardFile = Main;
				INFOPLIST_KEY_UISupportedInterfaceOrientations_iPad = "UIInterfaceOrientationPortrait UIInterfaceOrientationPortraitUpsideDown UIInterfaceOrientationLandscapeLeft UIInterfaceOrientationLandscapeRight";
				INFOPLIST_KEY_UISupportedInterfaceOrientations_iPhone = "UIInterfaceOrientationPortrait UIInterfaceOrientationLandscapeLeft UIInterfaceOrientationLandscapeRight";
				LD_RUNPATH_SEARCH_PATHS = (
					"$(inherited)",
					"@executable_path/Frameworks",
				);
				MARKETING_VERSION = 1.0;
				PRODUCT_BUNDLE_IDENTIFIER = com.NanJiang.MMessage;
				PRODUCT_NAME = "$(TARGET_NAME)";
				PROVISIONING_PROFILE_SPECIFIER = "";
				SWIFT_EMIT_LOC_STRINGS = YES;
				TARGETED_DEVICE_FAMILY = "1,2";
			};
			name = Release;
		};
/* End XCBuildConfiguration section */

/* Begin XCConfigurationList section */
		A8E598B8288F8D6E00018BDF /* Build configuration list for PBXProject "MMessage" */ = {
			isa = XCConfigurationList;
			buildConfigurations = (
				A8E598D4288F8D6F00018BDF /* Debug */,
				A8E598D5288F8D6F00018BDF /* Release */,
			);
			defaultConfigurationIsVisible = 0;
			defaultConfigurationName = Release;
		};
		A8E598D6288F8D6F00018BDF /* Build configuration list for PBXNativeTarget "MMessage" */ = {
			isa = XCConfigurationList;
			buildConfigurations = (
				A8E598D7288F8D6F00018BDF /* Debug */,
				A8E598D8288F8D6F00018BDF /* Release */,
			);
			defaultConfigurationIsVisible = 0;
			defaultConfigurationName = Release;
		};
/* End XCConfigurationList section */
	};
	rootObject = A8E598B5288F8D6E00018BDF /* Project object */;
}
