// !$*UTF8*$!
{
	archiveVersion = 1;
	classes = {
	};
	objectVersion = 55;
	objects = {

/* Begin PBXBuildFile section */
		A8E598C2288F8D6E00018BDF /* AppDelegate.m in Sources */ = {isa = PBXBuildFile; fileRef = A8E598C1288F8D6E00018BDF /* AppDelegate.m */; };
		A8E598C5288F8D6E00018BDF /* SceneDelegate.m in Sources */ = {isa = PBXBuildFile; fileRef = A8E598C4288F8D6E00018BDF /* SceneDelegate.m */; };
		A8E598C8288F8D6E00018BDF /* ViewController.m in Sources */ = {isa = PBXBuildFile; fileRef = A8E598C7288F8D6E00018BDF /* ViewController.m */; };
		A8E598CB288F8D6E00018BDF /* Main.storyboard in Resources */ = {isa = PBXBuildFile; fileRef = A8E598C9288F8D6E00018BDF /* Main.storyboard */; };
		A8E598CD288F8D6F00018BDF /* Assets.xcassets in Resources */ = {isa = PBXBuildFile; fileRef = A8E598CC288F8D6F00018BDF /* Assets.xcassets */; };
		A8E598D0288F8D6F00018BDF /* LaunchScreen.storyboard in Resources */ = {isa = PBXBuildFile; fileRef = A8E598CE288F8D6F00018BDF /* LaunchScreen.storyboard */; };
		A8E598D3288F8D6F00018BDF /* main.m in Sources */ = {isa = PBXBuildFile; fileRef = A8E598D2288F8D6F00018BDF /* main.m */; };
		A8E598DB288F8EB500018BDF /* MMScreen.m in Sources */ = {isa = PBXBuildFile; fileRef = A8E598DA288F8EB500018BDF /* MMScreen.m */; };
/* End PBXBuildFile section */

/* Begin PBXFileReference section */
		A8E598BD288F8D6E00018BDF /* MMessage.app */ = {isa = PBXFileReference; explicitFileType = wrapper.application; includeInIndex = 0; path = MMessage.app; sourceTree = BUILT_PRODUCTS_DIR; };
		A8E598C0288F8D6E00018BDF /* AppDelegate.h */ = {isa = PBXFileReference; lastKnownFileType = sourcecode.c.h; path = AppDelegate.h; sourceTree = "<group>"; };
		A8E598C1288F8D6E00018BDF /* AppDelegate.m */ = {isa = PBXFileReference; lastKnownFileType = sourcecode.c.objc; path = AppDelegate.m; sourceTree = "<group>"; };
		A8E598C3288F8D6E00018BDF /* SceneDelegate.h */ = {isa = PBXFileReference; lastKnownFileType = sourcecode.c.h; path = SceneDelegate.h; sourceTree = "<group>"; };
		A8E598C4288F8D6E00018BDF /* SceneDelegate.m */ = {isa = PBXFileReference; lastKnownFileType = sourcecode.c.objc; path = SceneDelegate.m; sourceTree = "<group>"; };
		A8E598C6288F8D6E00018BDF /* ViewController.h */ = {isa = PBXFileReference; lastKnownFileType = sourcecode.c.h; path = ViewController.h; sourceTree = "<group>"; };
		A8E598C7288F8D6E00018BDF /* ViewController.m */ = {isa = PBXFileReference; lastKnownFileType = sourcecode.c.objc; path = ViewController.m; sourceTree = "<group>"; };
		A8E598CA288F8D6E00018BDF /* Base */ = {isa = PBXFileReference; lastKnownFileType = file.storyboard; name = Base; path = Base.lproj/Main.storyboard; sourceTree = "<group>"; };
		A8E598CC288F8D6F00018BDF /* Assets.xcassets */ = {isa = PBXFileReference; lastKnownFileType = folder.assetcatalog; path = Assets.xcassets; sourceTree = "<group>"; };
		A8E598CF288F8D6F00018BDF /* Base */ = {isa = PBXFileReference; lastKnownFileType = file.storyboard; name = Base; path = Base.lproj/LaunchScreen.storyboard; sourceTree = "<group>"; };
		A8E598D1288F8D6F00018BDF /* Info.plist */ = {isa = PBXFileReference; lastKnownFileType = text.plist.xml; path = Info.plist; sourceTree = "<group>"; };
		A8E598D2288F8D6F00018BDF /* main.m */ = {isa = PBXFileReference; lastKnownFileType = sourcecode.c.objc; path = main.m; sourceTree = "<group>"; };
		A8E598D9288F8EB500018BDF /* MMScreen.h */ = {isa = PBXFileReference; lastKnownFileType = sourcecode.c.h; path = MMScreen.h; sourceTree = "<group>"; };
		A8E598DA288F8EB500018BDF /* MMScreen.m */ = {isa = PBXFileReference; lastKnownFileType = sourcecode.c.objc; path = MMScreen.m; sourceTree = "<group>"; };
/* End PBXFileReference section */

/* Begin PBXFrameworksBuildPhase section */
		A8E598BA288F8D6E00018BDF /* Frameworks */ = {
			isa = PBXFrameworksBuildPhase;
			buildActionMask = 2147483647;
			files = (
			);
			runOnlyForDeploymentPostprocessing = 0;
		};
/* End PBXFrameworksBuildPhase section */

/* Begin PBXGroup section */
		A8E598B4288F8D6E00018BDF = {
			isa = PBXGroup;
			children = (
				A8E598BF288F8D6E00018BDF /* MMessage */,
				A8E598BE288F8D6E00018BDF /* Products */,
			);
			sourceTree = "<group>";
		};
		A8E598BE288F8D6E00018BDF /* Products */ = {
			isa = PBXGroup;
			children = (
				A8E598BD288F8D6E00018BDF /* MMessage.app */,
			);
			name = Products;
			sourceTree = "<group>";
		};
		A8E598BF288F8D6E00018BDF /* MMessage */ = {
			isa = PBXGroup;
			children = (
				A8E598C0288F8D6E00018BDF /* AppDelegate.h */,
				A8E598C1288F8D6E00018BDF /* AppDelegate.m */,
				A8E598C3288F8D6E00018BDF /* SceneDelegate.h */,
				A8E598C4288F8D6E00018BDF /* SceneDelegate.m */,
				A8E598C6288F8D6E00018BDF /* ViewController.h */,
				A8E598C7288F8D6E00018BDF /* ViewController.m */,
				A8E598C9288F8D6E00018BDF /* Main.storyboard */,
				A8E598CC288F8D6F00018BDF /* Assets.xcassets */,
				A8E598CE288F8D6F00018BDF /* LaunchScreen.storyboard */,
				A8E598D1288F8D6F00018BDF /* Info.plist */,
				A8E598D2288F8D6F00018BDF /* main.m */,
				A8E598D9288F8EB500018BDF /* MMScreen.h */,
				A8E598DA288F8EB500018BDF /* MMScreen.m */,
			);
			path = MMessage;
			sourceTree = "<group>";
		};
/* End PBXGroup section */

/* Begin PBXNativeTarget section */
		A8E598BC288F8D6E00018BDF /* MMessage */ = {
			isa = PBXNativeTarget;
			buildConfigurationList = A8E598D6288F8D6F00018BDF /* Build configuration list for PBXNativeTarget "MMessage" */;
			buildPhases = (
				A8E598B9288F8D6E00018BDF /* Sources */,
				A8E598BA288F8D6E00018BDF /* Frameworks */,
				A8E598BB288F8D6E00018BDF /* Resources */,
			);
			buildRules = (
			);
			dependencies = (
			);
			name = MMessage;
			productName = MMessage;
			productReference = A8E598BD288F8D6E00018BDF /* MMessage.app */;
			productType = "com.apple.product-type.application";
		};
/* End PBXNativeTarget section */

/* Begin PBXProject section */
		A8E598B5288F8D6E00018BDF /* Project object */ = {
			isa = PBXProject;
			attributes = {
				BuildIndependentTargetsInParallel = 1;
				LastUpgradeCheck = 1340;
				TargetAttributes = {
					A8E598BC288F8D6E00018BDF = {
						CreatedOnToolsVersion = 13.4;
					};
				};
			};
			buildConfigurationList = A8E598B8288F8D6E00018BDF /* Build configuration list for PBXProject "MMessage" */;
			compatibilityVersion = "Xcode 13.0";
			developmentRegion = en;
			hasScannedForEncodings = 0;
			knownRegions = (
				en,
				Base,
			);
			mainGroup = A8E598B4288F8D6E00018BDF;
			productRefGroup = A8E598BE288F8D6E00018BDF /* Products */;
			projectDirPath = "";
			projectRoot = "";
			targets = (
				A8E598BC288F8D6E00018BDF /* MMessage */,
			);
		};
/* End PBXProject section */

/* Begin PBXResourcesBuildPhase section */
		A8E598BB288F8D6E00018BDF /* Resources */ = {
			isa = PBXResourcesBuildPhase;
			buildActionMask = 2147483647;
			files = (
				A8E598D0288F8D6F00018BDF /* LaunchScreen.storyboard in Resources */,
				A8E598CD288F8D6F00018BDF /* Assets.xcassets in Resources */,
				A8E598CB288F8D6E00018BDF /* Main.storyboard in Resources */,
			);
			runOnlyForDeploymentPostprocessing = 0;
		};
/* End PBXResourcesBuildPhase section */

/* Begin PBXSourcesBuildPhase section */
		A8E598B9288F8D6E00018BDF /* Sources */ = {
			isa = PBXSourcesBuildPhase;
			buildActionMask = 2147483647;
			files = (
				A8E598C8288F8D6E00018BDF /* ViewController.m in Sources */,
				A8E598C2288F8D6E00018BDF /* AppDelegate.m in Sources */,
				A8E598D3288F8D6F00018BDF /* main.m in Sources */,
				A8E598DB288F8EB500018BDF /* MMScreen.m in Sources */,
				A8E598C5288F8D6E00018BDF /* SceneDelegate.m in Sources */,
			);
			runOnlyForDeploymentPostprocessing = 0;
		};
/* End PBXSourcesBuildPhase section */

/* Begin PBXVariantGroup section */
		A8E598C9288F8D6E00018BDF /* Main.storyboard */ = {
			isa = PBXVariantGroup;
			children = (
				A8E598CA288F8D6E00018BDF /* Base */,
			);
			name = Main.storyboard;
			sourceTree = "<group>";
		};
		A8E598CE288F8D6F00018BDF /* LaunchScreen.storyboard */ = {
			isa = PBXVariantGroup;
			children = (
				A8E598CF288F8D6F00018BDF /* Base */,
			);
			name = LaunchScreen.storyboard;
			sourceTree = "<group>";
		};
/* End PBXVariantGroup section */

/* Begin XCBuildConfiguration section */
		A8E598D4288F8D6F00018BDF /* Debug */ = {
			isa = XCBuildConfiguration;
			buildSettings = {
				ALWAYS_SEARCH_USER_PATHS = NO;
				CLANG_ANALYZER_NONNULL = YES;
				CLANG_ANALYZER_NUMBER_OBJECT_CONVERSION = YES_AGGRESSIVE;
				CLANG_CXX_LANGUAGE_STANDARD = "gnu++17";
				CLANG_ENABLE_MODULES = YES;
				CLANG_ENABLE_OBJC_ARC = YES;
				CLANG_ENABLE_OBJC_WEAK = YES;
				CLANG_WARN_BLOCK_CAPTURE_AUTORELEASING = YES;
				CLANG_WARN_BOOL_CONVERSION = YES;
				CLANG_WARN_COMMA = YES;
				CLANG_WARN_CONSTANT_CONVERSION = YES;
				CLANG_WARN_DEPRECATED_OBJC_IMPLEMENTATIONS = YES;
				CLANG_WARN_DIRECT_OBJC_ISA_USAGE = YES_ERROR;
				CLANG_WARN_DOCUMENTATION_COMMENTS = YES;
				CLANG_WARN_EMPTY_BODY = YES;
				CLANG_WARN_ENUM_CONVERSION = YES;
				CLANG_WARN_INFINITE_RECURSION = YES;
				CLANG_WARN_INT_CONVERSION = YES;
				CLANG_WARN_NON_LITERAL_NULL_CONVERSION = YES;
				CLANG_WARN_OBJC_IMPLICIT_RETAIN_SELF = YES;
				CLANG_WARN_OBJC_LITERAL_CONVERSION = YES;
				CLANG_WARN_OBJC_ROOT_CLASS = YES_ERROR;
				CLANG_WARN_QUOTED_INCLUDE_IN_FRAMEWORK_HEADER = YES;
				CLANG_WARN_RANGE_LOOP_ANALYSIS = YES;
				CLANG_WARN_STRICT_PROTOTYPES = YES;
				CLANG_WARN_SUSPICIOUS_MOVE = YES;
				CLANG_WARN_UNGUARDED_AVAILABILITY = YES_AGGRESSIVE;
				CLANG_WARN_UNREACHABLE_CODE = YES;
				CLANG_WARN__DUPLICATE_METHOD_MATCH = YES;
				COPY_PHASE_STRIP = NO;
				DEBUG_INFORMATION_FORMAT = dwarf;
				ENABLE_STRICT_OBJC_MSGSEND = YES;
				ENABLE_TESTABILITY = YES;
				GCC_C_LANGUAGE_STANDARD = gnu11;
				GCC_DYNAMIC_NO_PIC = NO;
				GCC_NO_COMMON_BLOCKS = YES;
				GCC_OPTIMIZATION_LEVEL = 0;
				GCC_PREPROCESSOR_DEFINITIONS = (
					"DEBUG=1",
					"$(inherited)",
				);
				GCC_WARN_64_TO_32_BIT_CONVERSION = YES;
				GCC_WARN_ABOUT_RETURN_TYPE = YES_ERROR;
				GCC_WARN_UNDECLARED_SELECTOR = YES;
				GCC_WARN_UNINITIALIZED_AUTOS = YES_AGGRESSIVE;
				GCC_WARN_UNUSED_FUNCTION = YES;
				GCC_WARN_UNUSED_VARIABLE = YES;
				IPHONEOS_DEPLOYMENT_TARGET = 15.5;
				MTL_ENABLE_DEBUG_INFO = INCLUDE_SOURCE;
				MTL_FAST_MATH = YES;
				ONLY_ACTIVE_ARCH = YES;
				SDKROOT = iphoneos;
			};
			name = Debug;
		};
		A8E598D5288F8D6F00018BDF /* Release */ = {
			isa = XCBuildConfiguration;
			buildSettings = {
				ALWAYS_SEARCH_USER_PATHS = NO;
				CLANG_ANALYZER_NONNULL = YES;
				CLANG_ANALYZER_NUMBER_OBJECT_CONVERSION = YES_AGGRESSIVE;
				CLANG_CXX_LANGUAGE_STANDARD = "gnu++17";
				CLANG_ENABLE_MODULES = YES;
				CLANG_ENABLE_OBJC_ARC = YES;
				CLANG_ENABLE_OBJC_WEAK = YES;
				CLANG_WARN_BLOCK_CAPTURE_AUTORELEASING = YES;
				CLANG_WARN_BOOL_CONVERSION = YES;
				CLANG_WARN_COMMA = YES;
				CLANG_WARN_CONSTANT_CONVERSION = YES;
				CLANG_WARN_DEPRECATED_OBJC_IMPLEMENTATIONS = YES;
				CLANG_WARN_DIRECT_OBJC_ISA_USAGE = YES_ERROR;
				CLANG_WARN_DOCUMENTATION_COMMENTS = YES;
				CLANG_WARN_EMPTY_BODY = YES;
				CLANG_WARN_ENUM_CONVERSION = YES;
				CLANG_WARN_INFINITE_RECURSION = YES;
				CLANG_WARN_INT_CONVERSION = YES;
				CLANG_WARN_NON_LITERAL_NULL_CONVERSION = YES;
				CLANG_WARN_OBJC_IMPLICIT_RETAIN_SELF = YES;
				CLANG_WARN_OBJC_LITERAL_CONVERSION = YES;
				CLANG_WARN_OBJC_ROOT_CLASS = YES_ERROR;
				CLANG_WARN_QUOTED_INCLUDE_IN_FRAMEWORK_HEADER = YES;
				CLANG_WARN_RANGE_LOOP_ANALYSIS = YES;
				CLANG_WARN_STRICT_PROTOTYPES = YES;
				CLANG_WARN_SUSPICIOUS_MOVE = YES;
				CLANG_WARN_UNGUARDED_AVAILABILITY = YES_AGGRESSIVE;
				CLANG_WARN_UNREACHABLE_CODE = YES;
				CLANG_WARN__DUPLICATE_METHOD_MATCH = YES;
				COPY_PHASE_STRIP = NO;
				DEBUG_INFORMATION_FORMAT = "dwarf-with-dsym";
				ENABLE_NS_ASSERTIONS = NO;
				ENABLE_STRICT_OBJC_MSGSEND = YES;
				GCC_C_LANGUAGE_STANDARD = gnu11;
				GCC_NO_COMMON_BLOCKS = YES;
				GCC_WARN_64_TO_32_BIT_CONVERSION = YES;
				GCC_WARN_ABOUT_RETURN_TYPE = YES_ERROR;
				GCC_WARN_UNDECLARED_SELECTOR = YES;
				GCC_WARN_UNINITIALIZED_AUTOS = YES_AGGRESSIVE;
				GCC_WARN_UNUSED_FUNCTION = YES;
				GCC_WARN_UNUSED_VARIABLE = YES;
				IPHONEOS_DEPLOYMENT_TARGET = 15.5;
				MTL_ENABLE_DEBUG_INFO = NO;
				MTL_FAST_MATH = YES;
				SDKROOT = iphoneos;
				VALIDATE_PRODUCT = YES;
			};
			name = Release;
		};
		A8E598D7288F8D6F00018BDF /* Debug */ = {
			isa = XCBuildConfiguration;
			buildSettings = {
				ASSETCATALOG_COMPILER_APPICON_NAME = AppIcon;
				ASSETCATALOG_COMPILER_GLOBAL_ACCENT_COLOR_NAME = AccentColor;
				CODE_SIGN_STYLE = Automatic;
				CURRENT_PROJECT_VERSION = 1;
				GENERATE_INFOPLIST_FILE = YES;
				INFOPLIST_FILE = MMessage/Info.plist;
				INFOPLIST_KEY_UIApplicationSupportsIndirectInputEvents = YES;
				INFOPLIST_KEY_UILaunchStoryboardName = LaunchScreen;
				INFOPLIST_KEY_UIMainStoryboardFile = Main;
				INFOPLIST_KEY_UISupportedInterfaceOrientations_iPad = "UIInterfaceOrientationPortrait UIInterfaceOrientationPortraitUpsideDown UIInterfaceOrientationLandscapeLeft UIInterfaceOrientationLandscapeRight";
				INFOPLIST_KEY_UISupportedInterfaceOrientations_iPhone = "UIInterfaceOrientationPortrait UIInterfaceOrientationLandscapeLeft UIInterfaceOrientationLandscapeRight";
				LD_RUNPATH_SEARCH_PATHS = (
					"$(inherited)",
					"@executable_path/Frameworks",
				);
				MARKETING_VERSION = 1.0;
				PRODUCT_BUNDLE_IDENTIFIER = com.iOS.TopView.MMessage;
				PRODUCT_NAME = "$(TARGET_NAME)";
				SWIFT_EMIT_LOC_STRINGS = YES;
				TARGETED_DEVICE_FAMILY = "1,2";
			};
			name = Debug;
		};
		A8E598D8288F8D6F00018BDF /* Release */ = {
			isa = XCBuildConfiguration;
			buildSettings = {
				ASSETCATALOG_COMPILER_APPICON_NAME = AppIcon;
				ASSETCATALOG_COMPILER_GLOBAL_ACCENT_COLOR_NAME = AccentColor;
				CODE_SIGN_STYLE = Automatic;
				CURRENT_PROJECT_VERSION = 1;
				GENERATE_INFOPLIST_FILE = YES;
				INFOPLIST_FILE = MMessage/Info.plist;
				INFOPLIST_KEY_UIApplicationSupportsIndirectInputEvents = YES;
				INFOPLIST_KEY_UILaunchStoryboardName = LaunchScreen;
				INFOPLIST_KEY_UIMainStoryboardFile = Main;
				INFOPLIST_KEY_UISupportedInterfaceOrientations_iPad = "UIInterfaceOrientationPortrait UIInterfaceOrientationPortraitUpsideDown UIInterfaceOrientationLandscapeLeft UIInterfaceOrientationLandscapeRight";
				INFOPLIST_KEY_UISupportedInterfaceOrientations_iPhone = "UIInterfaceOrientationPortrait UIInterfaceOrientationLandscapeLeft UIInterfaceOrientationLandscapeRight";
				LD_RUNPATH_SEARCH_PATHS = (
					"$(inherited)",
					"@executable_path/Frameworks",
				);
				MARKETING_VERSION = 1.0;
				PRODUCT_BUNDLE_IDENTIFIER = com.iOS.TopView.MMessage;
				PRODUCT_NAME = "$(TARGET_NAME)";
				SWIFT_EMIT_LOC_STRINGS = YES;
				TARGETED_DEVICE_FAMILY = "1,2";
			};
			name = Release;
		};
/* End XCBuildConfiguration section */

/* Begin XCConfigurationList section */
		A8E598B8288F8D6E00018BDF /* Build configuration list for PBXProject "MMessage" */ = {
			isa = XCConfigurationList;
			buildConfigurations = (
				A8E598D4288F8D6F00018BDF /* Debug */,
				A8E598D5288F8D6F00018BDF /* Release */,
			);
			defaultConfigurationIsVisible = 0;
			defaultConfigurationName = Release;
		};
		A8E598D6288F8D6F00018BDF /* Build configuration list for PBXNativeTarget "MMessage" */ = {
			isa = XCConfigurationList;
			buildConfigurations = (
				A8E598D7288F8D6F00018BDF /* Debug */,
				A8E598D8288F8D6F00018BDF /* Release */,
			);
			defaultConfigurationIsVisible = 0;
			defaultConfigurationName = Release;
		};
/* End XCConfigurationList section */
	};
	rootObject = A8E598B5288F8D6E00018BDF /* Project object */;
}
